
Microsoft Visual Studio Solution File, Format Version 12.00
# Visual Studio Version 16
VisualStudioVersion = 16.0.31313.79
MinimumVisualStudioVersion = 10.0.40219.1
Project("{FAE04EC0-301F-11D3-BF4B-00C04F79EFBC}") = "WebMessenger", "WebMessenger\WebMessenger.csproj", "{0C905089-0559-4222-99FA-A7BB2935FD87}"
EndProject
Project("{FAE04EC0-301F-11D3-BF4B-00C04F79EFBC}") = "ClassLibrary", "ClassLibrary\ClassLibrary.csproj", "{D0B68E64-3B39-4C99-A947-406B7D52D2C5}"
EndProject
Project("{FAE04EC0-301F-11D3-BF4B-00C04F79EFBC}") = "DataMemory", "DataMemory\DataMemory.csproj", "{731F3EC3-1474-4AE1-9307-198400948254}"
EndProject
Global
	GlobalSection(SolutionConfigurationPlatforms) = preSolution
		Debug|Any CPU = Debug|Any CPU
		Release|Any CPU = Release|Any CPU
	EndGlobalSection
	GlobalSection(ProjectConfigurationPlatforms) = postSolution
		{0C905089-0559-4222-99FA-A7BB2935FD87}.Debug|Any CPU.ActiveCfg = Debug|Any CPU
		{0C905089-0559-4222-99FA-A7BB2935FD87}.Debug|Any CPU.Build.0 = Debug|Any CPU
		{0C905089-0559-4222-99FA-A7BB2935FD87}.Release|Any CPU.ActiveCfg = Release|Any CPU
		{0C905089-0559-4222-99FA-A7BB2935FD87}.Release|Any CPU.Build.0 = Release|Any CPU
		{D0B68E64-3B39-4C99-A947-406B7D52D2C5}.Debug|Any CPU.ActiveCfg = Debug|Any CPU
		{D0B68E64-3B39-4C99-A947-406B7D52D2C5}.Debug|Any CPU.Build.0 = Debug|Any CPU
		{D0B68E64-3B39-4C99-A947-406B7D52D2C5}.Release|Any CPU.ActiveCfg = Release|Any CPU
		{D0B68E64-3B39-4C99-A947-406B7D52D2C5}.Release|Any CPU.Build.0 = Release|Any CPU
		{731F3EC3-1474-4AE1-9307-198400948254}.Debug|Any CPU.ActiveCfg = Debug|Any CPU
		{731F3EC3-1474-4AE1-9307-198400948254}.Debug|Any CPU.Build.0 = Debug|Any CPU
		{731F3EC3-1474-4AE1-9307-198400948254}.Release|Any CPU.ActiveCfg = Release|Any CPU
		{731F3EC3-1474-4AE1-9307-198400948254}.Release|Any CPU.Build.0 = Release|Any CPU
	EndGlobalSection
	GlobalSection(SolutionProperties) = preSolution
		HideSolutionNode = FALSE
	EndGlobalSection
	GlobalSection(ExtensibilityGlobals) = postSolution
		SolutionGuid = {1A3F0D4B-F6DB-492E-835D-3161A398EA9C}
	EndGlobalSection
EndGlobal
